// !$*UTF8*$!
{
	archiveVersion = 1;
	classes = {
	};
	objectVersion = 50;
	objects = {

/* Begin PBXBuildFile section */
		FE0628A923CD241F0013C9EC /* Assets.xcassets in Resources */ = {isa = PBXBuildFile; fileRef = FE0628A823CD241F0013C9EC /* Assets.xcassets */; };
		FE79D9B023CC63D70039DA7A /* AppDelegate.swift in Sources */ = {isa = PBXBuildFile; fileRef = FE79D9AF23CC63D70039DA7A /* AppDelegate.swift */; };
		FE79D9B223CC63D70039DA7A /* SceneDelegate.swift in Sources */ = {isa = PBXBuildFile; fileRef = FE79D9B123CC63D70039DA7A /* SceneDelegate.swift */; };
		FE79D9B423CC63D70039DA7A /* MapScreen.swift in Sources */ = {isa = PBXBuildFile; fileRef = FE79D9B323CC63D70039DA7A /* MapScreen.swift */; };
		FE79D9B723CC63D70039DA7A /* Main.storyboard in Resources */ = {isa = PBXBuildFile; fileRef = FE79D9B523CC63D70039DA7A /* Main.storyboard */; };
		FE79D9BC23CC63D70039DA7A /* LaunchScreen.storyboard in Resources */ = {isa = PBXBuildFile; fileRef = FE79D9BA23CC63D70039DA7A /* LaunchScreen.storyboard */; };
/* End PBXBuildFile section */

/* Begin PBXFileReference section */
		FE0628A723CD1FFA0013C9EC /* Paris-France.gpx */ = {isa = PBXFileReference; lastKnownFileType = text.xml; name = "Paris-France.gpx"; path = "../../../Paris-France.gpx"; sourceTree = "<group>"; };
		FE0628A823CD241F0013C9EC /* Assets.xcassets */ = {isa = PBXFileReference; lastKnownFileType = folder.assetcatalog; path = Assets.xcassets; sourceTree = "<group>"; };
		FE79D9AC23CC63D70039DA7A /* DooWap.app */ = {isa = PBXFileReference; explicitFileType = wrapper.application; includeInIndex = 0; path = DooWap.app; sourceTree = BUILT_PRODUCTS_DIR; };
		FE79D9AF23CC63D70039DA7A /* AppDelegate.swift */ = {isa = PBXFileReference; lastKnownFileType = sourcecode.swift; path = AppDelegate.swift; sourceTree = "<group>"; };
		FE79D9B123CC63D70039DA7A /* SceneDelegate.swift */ = {isa = PBXFileReference; lastKnownFileType = sourcecode.swift; path = SceneDelegate.swift; sourceTree = "<group>"; };
		FE79D9B323CC63D70039DA7A /* MapScreen.swift */ = {isa = PBXFileReference; lastKnownFileType = sourcecode.swift; path = MapScreen.swift; sourceTree = "<group>"; };
		FE79D9B623CC63D70039DA7A /* Base */ = {isa = PBXFileReference; lastKnownFileType = file.storyboard; name = Base; path = Base.lproj/Main.storyboard; sourceTree = "<group>"; };
		FE79D9BB23CC63D70039DA7A /* Base */ = {isa = PBXFileReference; lastKnownFileType = file.storyboard; name = Base; path = Base.lproj/LaunchScreen.storyboard; sourceTree = "<group>"; };
		FE79D9BD23CC63D70039DA7A /* Info.plist */ = {isa = PBXFileReference; lastKnownFileType = text.plist.xml; path = Info.plist; sourceTree = "<group>"; };
/* End PBXFileReference section */

/* Begin PBXFrameworksBuildPhase section */
		FE79D9A923CC63D70039DA7A /* Frameworks */ = {
			isa = PBXFrameworksBuildPhase;
			buildActionMask = 2147483647;
			files = (
			);
			runOnlyForDeploymentPostprocessing = 0;
		};
/* End PBXFrameworksBuildPhase section */

/* Begin PBXGroup section */
		FE79D9A323CC63D70039DA7A = {
			isa = PBXGroup;
			children = (
				FE0628A723CD1FFA0013C9EC /* Paris-France.gpx */,
				FE79D9AE23CC63D70039DA7A /* DooWap */,
				FE79D9AD23CC63D70039DA7A /* Products */,
			);
			sourceTree = "<group>";
		};
		FE79D9AD23CC63D70039DA7A /* Products */ = {
			isa = PBXGroup;
			children = (
				FE79D9AC23CC63D70039DA7A /* DooWap.app */,
			);
			name = Products;
			sourceTree = "<group>";
		};
		FE79D9AE23CC63D70039DA7A /* DooWap */ = {
			isa = PBXGroup;
			children = (
				FE79D9AF23CC63D70039DA7A /* AppDelegate.swift */,
				FE79D9B123CC63D70039DA7A /* SceneDelegate.swift */,
				FE79D9B323CC63D70039DA7A /* MapScreen.swift */,
				FE79D9B523CC63D70039DA7A /* Main.storyboard */,
				FE0628A823CD241F0013C9EC /* Assets.xcassets */,
				FE79D9BA23CC63D70039DA7A /* LaunchScreen.storyboard */,
				FE79D9BD23CC63D70039DA7A /* Info.plist */,
			);
			path = DooWap;
			sourceTree = "<group>";
		};
/* End PBXGroup section */

/* Begin PBXNativeTarget section */
		FE79D9AB23CC63D70039DA7A /* DooWap */ = {
			isa = PBXNativeTarget;
			buildConfigurationList = FE79D9C023CC63D70039DA7A /* Build configuration list for PBXNativeTarget "DooWap" */;
			buildPhases = (
				FE79D9A823CC63D70039DA7A /* Sources */,
				FE79D9A923CC63D70039DA7A /* Frameworks */,
				FE79D9AA23CC63D70039DA7A /* Resources */,
			);
			buildRules = (
			);
			dependencies = (
			);
			name = DooWap;
			productName = DooWap;
			productReference = FE79D9AC23CC63D70039DA7A /* DooWap.app */;
			productType = "com.apple.product-type.application";
		};
/* End PBXNativeTarget section */

/* Begin PBXProject section */
		FE79D9A423CC63D70039DA7A /* Project object */ = {
			isa = PBXProject;
			attributes = {
				LastSwiftUpdateCheck = 1110;
				LastUpgradeCheck = 1110;
				ORGANIZATIONNAME = "Paul Haddou";
				TargetAttributes = {
					FE79D9AB23CC63D70039DA7A = {
						CreatedOnToolsVersion = 11.1;
					};
				};
			};
			buildConfigurationList = FE79D9A723CC63D70039DA7A /* Build configuration list for PBXProject "DooWap" */;
			compatibilityVersion = "Xcode 9.3";
			developmentRegion = en;
			hasScannedForEncodings = 0;
			knownRegions = (
				en,
				Base,
			);
			mainGroup = FE79D9A323CC63D70039DA7A;
			productRefGroup = FE79D9AD23CC63D70039DA7A /* Products */;
			projectDirPath = "";
			projectRoot = "";
			targets = (
				FE79D9AB23CC63D70039DA7A /* DooWap */,
			);
		};
/* End PBXProject section */

/* Begin PBXResourcesBuildPhase section */
		FE79D9AA23CC63D70039DA7A /* Resources */ = {
			isa = PBXResourcesBuildPhase;
			buildActionMask = 2147483647;
			files = (
				FE79D9BC23CC63D70039DA7A /* LaunchScreen.storyboard in Resources */,
				FE0628A923CD241F0013C9EC /* Assets.xcassets in Resources */,
				FE79D9B723CC63D70039DA7A /* Main.storyboard in Resources */,
			);
			runOnlyForDeploymentPostprocessing = 0;
		};
/* End PBXResourcesBuildPhase section */

/* Begin PBXSourcesBuildPhase section */
		FE79D9A823CC63D70039DA7A /* Sources */ = {
			isa = PBXSourcesBuildPhase;
			buildActionMask = 2147483647;
			files = (
				FE79D9B423CC63D70039DA7A /* MapScreen.swift in Sources */,
				FE79D9B023CC63D70039DA7A /* AppDelegate.swift in Sources */,
				FE79D9B223CC63D70039DA7A /* SceneDelegate.swift in Sources */,
			);
			runOnlyForDeploymentPostprocessing = 0;
		};
/* End PBXSourcesBuildPhase section */

/* Begin PBXVariantGroup section */
		FE79D9B523CC63D70039DA7A /* Main.storyboard */ = {
			isa = PBXVariantGroup;
			children = (
				FE79D9B623CC63D70039DA7A /* Base */,
			);
			name = Main.storyboard;
			sourceTree = "<group>";
		};
		FE79D9BA23CC63D70039DA7A /* LaunchScreen.storyboard */ = {
			isa = PBXVariantGroup;
			children = (
				FE79D9BB23CC63D70039DA7A /* Base */,
			);
			name = LaunchScreen.storyboard;
			sourceTree = "<group>";
		};
/* End PBXVariantGroup section */

/* Begin XCBuildConfiguration section */
		FE79D9BE23CC63D70039DA7A /* Debug */ = {
			isa = XCBuildConfiguration;
			buildSettings = {
				ALWAYS_SEARCH_USER_PATHS = NO;
				CLANG_ANALYZER_NONNULL = YES;
				CLANG_ANALYZER_NUMBER_OBJECT_CONVERSION = YES_AGGRESSIVE;
				CLANG_CXX_LANGUAGE_STANDARD = "gnu++14";
				CLANG_CXX_LIBRARY = "libc++";
				CLANG_ENABLE_MODULES = YES;
				CLANG_ENABLE_OBJC_ARC = YES;
				CLANG_ENABLE_OBJC_WEAK = YES;
				CLANG_WARN_BLOCK_CAPTURE_AUTORELEASING = YES;
				CLANG_WARN_BOOL_CONVERSION = YES;
				CLANG_WARN_COMMA = YES;
				CLANG_WARN_CONSTANT_CONVERSION = YES;
				CLANG_WARN_DEPRECATED_OBJC_IMPLEMENTATIONS = YES;
				CLANG_WARN_DIRECT_OBJC_ISA_USAGE = YES_ERROR;
				CLANG_WARN_DOCUMENTATION_COMMENTS = YES;
				CLANG_WARN_EMPTY_BODY = YES;
				CLANG_WARN_ENUM_CONVERSION = YES;
				CLANG_WARN_INFINITE_RECURSION = YES;
				CLANG_WARN_INT_CONVERSION = YES;
				CLANG_WARN_NON_LITERAL_NULL_CONVERSION = YES;
				CLANG_WARN_OBJC_IMPLICIT_RETAIN_SELF = YES;
				CLANG_WARN_OBJC_LITERAL_CONVERSION = YES;
				CLANG_WARN_OBJC_ROOT_CLASS = YES_ERROR;
				CLANG_WARN_RANGE_LOOP_ANALYSIS = YES;
				CLANG_WARN_STRICT_PROTOTYPES = YES;
				CLANG_WARN_SUSPICIOUS_MOVE = YES;
				CLANG_WARN_UNGUARDED_AVAILABILITY = YES_AGGRESSIVE;
				CLANG_WARN_UNREACHABLE_CODE = YES;
				CLANG_WARN__DUPLICATE_METHOD_MATCH = YES;
				COPY_PHASE_STRIP = NO;
				DEBUG_INFORMATION_FORMAT = dwarf;
				ENABLE_STRICT_OBJC_MSGSEND = YES;
				ENABLE_TESTABILITY = YES;
				GCC_C_LANGUAGE_STANDARD = gnu11;
				GCC_DYNAMIC_NO_PIC = NO;
				GCC_NO_COMMON_BLOCKS = YES;
				GCC_OPTIMIZATION_LEVEL = 0;
				GCC_PREPROCESSOR_DEFINITIONS = (
					"DEBUG=1",
					"$(inherited)",
				);
				GCC_WARN_64_TO_32_BIT_CONVERSION = YES;
				GCC_WARN_ABOUT_RETURN_TYPE = YES_ERROR;
				GCC_WARN_UNDECLARED_SELECTOR = YES;
				GCC_WARN_UNINITIALIZED_AUTOS = YES_AGGRESSIVE;
				GCC_WARN_UNUSED_FUNCTION = YES;
				GCC_WARN_UNUSED_VARIABLE = YES;
				IPHONEOS_DEPLOYMENT_TARGET = 13.1;
				MTL_ENABLE_DEBUG_INFO = INCLUDE_SOURCE;
				MTL_FAST_MATH = YES;
				ONLY_ACTIVE_ARCH = YES;
				SDKROOT = iphoneos;
				SWIFT_ACTIVE_COMPILATION_CONDITIONS = DEBUG;
				SWIFT_OPTIMIZATION_LEVEL = "-Onone";
			};
			name = Debug;
		};
		FE79D9BF23CC63D70039DA7A /* Release */ = {
			isa = XCBuildConfiguration;
			buildSettings = {
				ALWAYS_SEARCH_USER_PATHS = NO;
				CLANG_ANALYZER_NONNULL = YES;
				CLANG_ANALYZER_NUMBER_OBJECT_CONVERSION = YES_AGGRESSIVE;
				CLANG_CXX_LANGUAGE_STANDARD = "gnu++14";
				CLANG_CXX_LIBRARY = "libc++";
				CLANG_ENABLE_MODULES = YES;
				CLANG_ENABLE_OBJC_ARC = YES;
				CLANG_ENABLE_OBJC_WEAK = YES;
				CLANG_WARN_BLOCK_CAPTURE_AUTORELEASING = YES;
				CLANG_WARN_BOOL_CONVERSION = YES;
				CLANG_WARN_COMMA = YES;
				CLANG_WARN_CONSTANT_CONVERSION = YES;
				CLANG_WARN_DEPRECATED_OBJC_IMPLEMENTATIONS = YES;
				CLANG_WARN_DIRECT_OBJC_ISA_USAGE = YES_ERROR;
				CLANG_WARN_DOCUMENTATION_COMMENTS = YES;
				CLANG_WARN_EMPTY_BODY = YES;
				CLANG_WARN_ENUM_CONVERSION = YES;
				CLANG_WARN_INFINITE_RECURSION = YES;
				CLANG_WARN_INT_CONVERSION = YES;
				CLANG_WARN_NON_LITERAL_NULL_CONVERSION = YES;
				CLANG_WARN_OBJC_IMPLICIT_RETAIN_SELF = YES;
				CLANG_WARN_OBJC_LITERAL_CONVERSION = YES;
				CLANG_WARN_OBJC_ROOT_CLASS = YES_ERROR;
				CLANG_WARN_RANGE_LOOP_ANALYSIS = YES;
				CLANG_WARN_STRICT_PROTOTYPES = YES;
				CLANG_WARN_SUSPICIOUS_MOVE = YES;
				CLANG_WARN_UNGUARDED_AVAILABILITY = YES_AGGRESSIVE;
				CLANG_WARN_UNREACHABLE_CODE = YES;
				CLANG_WARN__DUPLICATE_METHOD_MATCH = YES;
				COPY_PHASE_STRIP = NO;
				DEBUG_INFORMATION_FORMAT = "dwarf-with-dsym";
				ENABLE_NS_ASSERTIONS = NO;
				ENABLE_STRICT_OBJC_MSGSEND = YES;
				GCC_C_LANGUAGE_STANDARD = gnu11;
				GCC_NO_COMMON_BLOCKS = YES;
				GCC_WARN_64_TO_32_BIT_CONVERSION = YES;
				GCC_WARN_ABOUT_RETURN_TYPE = YES_ERROR;
				GCC_WARN_UNDECLARED_SELECTOR = YES;
				GCC_WARN_UNINITIALIZED_AUTOS = YES_AGGRESSIVE;
				GCC_WARN_UNUSED_FUNCTION = YES;
				GCC_WARN_UNUSED_VARIABLE = YES;
				IPHONEOS_DEPLOYMENT_TARGET = 13.1;
				MTL_ENABLE_DEBUG_INFO = NO;
				MTL_FAST_MATH = YES;
				SDKROOT = iphoneos;
				SWIFT_COMPILATION_MODE = wholemodule;
				SWIFT_OPTIMIZATION_LEVEL = "-O";
				VALIDATE_PRODUCT = YES;
			};
			name = Release;
		};
		FE79D9C123CC63D70039DA7A /* Debug */ = {
			isa = XCBuildConfiguration;
			buildSettings = {
				ASSETCATALOG_COMPILER_APPICON_NAME = AppIcon;
				CODE_SIGN_STYLE = Automatic;
				INFOPLIST_FILE = DooWap/Info.plist;
				LD_RUNPATH_SEARCH_PATHS = (
					"$(inherited)",
					"@executable_path/Frameworks",
				);
				PRODUCT_BUNDLE_IDENTIFIER = paul.DooWap;
				PRODUCT_NAME = "$(TARGET_NAME)";
				SWIFT_VERSION = 5.0;
				TARGETED_DEVICE_FAMILY = "1,2";
			};
			name = Debug;
		};
		FE79D9C223CC63D70039DA7A /* Release */ = {
			isa = XCBuildConfiguration;
			buildSettings = {
				ASSETCATALOG_COMPILER_APPICON_NAME = AppIcon;
				CODE_SIGN_STYLE = Automatic;
				INFOPLIST_FILE = DooWap/Info.plist;
				LD_RUNPATH_SEARCH_PATHS = (
					"$(inherited)",
					"@executable_path/Frameworks",
				);
				PRODUCT_BUNDLE_IDENTIFIER = paul.DooWap;
				PRODUCT_NAME = "$(TARGET_NAME)";
				SWIFT_VERSION = 5.0;
				TARGETED_DEVICE_FAMILY = "1,2";
			};
			name = Release;
		};
/* End XCBuildConfiguration section */

/* Begin XCConfigurationList section */
		FE79D9A723CC63D70039DA7A /* Build configuration list for PBXProject "DooWap" */ = {
			isa = XCConfigurationList;
			buildConfigurations = (
				FE79D9BE23CC63D70039DA7A /* Debug */,
				FE79D9BF23CC63D70039DA7A /* Release */,
			);
			defaultConfigurationIsVisible = 0;
			defaultConfigurationName = Release;
		};
		FE79D9C023CC63D70039DA7A /* Build configuration list for PBXNativeTarget "DooWap" */ = {
			isa = XCConfigurationList;
			buildConfigurations = (
				FE79D9C123CC63D70039DA7A /* Debug */,
				FE79D9C223CC63D70039DA7A /* Release */,
			);
			defaultConfigurationIsVisible = 0;
			defaultConfigurationName = Release;
		};
/* End XCConfigurationList section */
	};
	rootObject = FE79D9A423CC63D70039DA7A /* Project object */;
}
